
Microsoft Visual Studio Solution File, Format Version 12.00
# Visual Studio Version 18
VisualStudioVersion = 18.6.11819.183 stable
MinimumVisualStudioVersion = 10.0.40219.1
Project("{FAE04EC0-301F-11D3-BF4B-00C04F79EFBC}") = "HappinessListing", "HappinessListing.csproj", "{74E42F44-3414-9696-242F-A8C8AC3F0D9F}"
EndProject
Global
	GlobalSection(SolutionConfigurationPlatforms) = preSolution
		Debug|Any CPU = Debug|Any CPU
		Release|Any CPU = Release|Any CPU
	EndGlobalSection
	GlobalSection(ProjectConfigurationPlatforms) = postSolution
		{74E42F44-3414-9696-242F-A8C8AC3F0D9F}.Debug|Any CPU.ActiveCfg = Debug|Any CPU
		{74E42F44-3414-9696-242F-A8C8AC3F0D9F}.Debug|Any CPU.Build.0 = Debug|Any CPU
		{74E42F44-3414-9696-242F-A8C8AC3F0D9F}.Release|Any CPU.ActiveCfg = Release|Any CPU
		{74E42F44-3414-9696-242F-A8C8AC3F0D9F}.Release|Any CPU.Build.0 = Release|Any CPU
	EndGlobalSection
	GlobalSection(SolutionProperties) = preSolution
		HideSolutionNode = FALSE
	EndGlobalSection
	GlobalSection(ExtensibilityGlobals) = postSolution
		SolutionGuid = {82543877-81B3-469A-AE63-16AD97ADC08F}
	EndGlobalSection
EndGlobal
